
Microsoft Visual Studio Solution File, Format Version 12.00
# Visual Studio Version 16
VisualStudioVersion = 16.0.31702.278
MinimumVisualStudioVersion = 10.0.40219.1
Project("{FAE04EC0-301F-11D3-BF4B-00C04F79EFBC}") = "WindowsFormsApp1", "WindowsFormsApp1\WindowsFormsApp1.csproj", "{B20B288E-4791-43B5-A4F5-9D4172106A97}"
EndProject
Global
	GlobalSection(SolutionConfigurationPlatforms) = preSolution
		Debug|Any CPU = Debug|Any CPU
		Release|Any CPU = Release|Any CPU
	EndGlobalSection
	GlobalSection(ProjectConfigurationPlatforms) = postSolution
		{B20B288E-4791-43B5-A4F5-9D4172106A97}.Debug|Any CPU.ActiveCfg = Debug|Any CPU
		{B20B288E-4791-43B5-A4F5-9D4172106A97}.Debug|Any CPU.Build.0 = Debug|Any CPU
		{B20B288E-4791-43B5-A4F5-9D4172106A97}.Release|Any CPU.ActiveCfg = Release|Any CPU
		{B20B288E-4791-43B5-A4F5-9D4172106A97}.Release|Any CPU.Build.0 = Release|Any CPU
	EndGlobalSection
	GlobalSection(SolutionProperties) = preSolution
		HideSolutionNode = FALSE
	EndGlobalSection
	GlobalSection(ExtensibilityGlobals) = postSolution
		SolutionGuid = {8C61F8C7-B3FA-4FDA-B5B9-8148BCF1B66C}
	EndGlobalSection
EndGlobal
